<?xml version="1.0" encoding="utf-8"?>
<Project ToolsVersion="4.0" xmlns="http://schemas.microsoft.com/developer/msbuild/2003">
  <ItemGroup>
    <Filter Include="Source Files">
      <UniqueIdentifier>{4FC737F1-C7A5-4376-A066-2A32D752A2FF}</UniqueIdentifier>
      <Extensions>cpp;c;cc;cxx;def;odl;idl;hpj;bat;asm;asmx</Extensions>
    </Filter>
    <Filter Include="Header Files">
      <UniqueIdentifier>{93995380-89BD-4b04-88EB-625FBE52EBFB}</UniqueIdentifier>
      <Extensions>h;hh;hpp;hxx;hm;inl;inc;xsd</Extensions>
    </Filter>
    <Filter Include="Resource Files">
      <UniqueIdentifier>{67DA6AB6-F800-4c08-8B7A-83BB121AAD01}</UniqueIdentifier>
      <Extensions>rc;ico;cur;bmp;dlg;rc2;rct;bin;rgs;gif;jpg;jpeg;jpe;resx;tiff;tif;png;wav;mfcribbon-ms</Extensions>
    </Filter>
  </ItemGroup>
  <ItemGroup>
    <ClCompile Include="Source\Main.cpp">
      <Filter>Source Files</Filter>
    </ClCompile>
    <ClCompile Include="Source\Objects\Object.cpp">
      <Filter>Source Files</Filter>
    </ClCompile>
    <ClCompile Include="Source\Objects\Projectile.cpp">
      <Filter>Source Files</Filter>
    </ClCompile>
    <ClCompile Include="Source\Utility\Animation.cpp">
      <Filter>Source Files</Filter>
    </ClCompile>
    <ClCompile Include="Source\GUI\Button.cpp">
      <Filter>Source Files</Filter>
    </ClCompile>
    <ClCompile Include="Source\GUI\StackMenu.cpp">
      <Filter>Source Files</Filter>
    </ClCompile>
    <ClCompile Include="Source\GUI\Textbox.cpp">
      <Filter>Source Files</Filter>
    </ClCompile>
    <ClCompile Include="Source\GUI\Widget.cpp">
      <Filter>Source Files</Filter>
    </ClCompile>
    <ClCompile Include="Source\States\StatePlaying.cpp">
      <Filter>Source Files</Filter>
    </ClCompile>
    <ClCompile Include="Source\Game.cpp">
      <Filter>Source Files</Filter>
    </ClCompile>
    <ClCompile Include="Source\GUI\Icon.cpp">
      <Filter>Source Files</Filter>
    </ClCompile>
    <ClCompile Include="Source\GUI\BattleHUD.cpp">
      <Filter>Source Files</Filter>
    </ClCompile>
    <ClCompile Include="Source\GUI\Menu.cpp">
      <Filter>Source Files</Filter>
    </ClCompile>
    <ClCompile Include="Source\Spells\SpellBase.cpp">
      <Filter>Source Files</Filter>
    </ClCompile>
    <ClCompile Include="Source\Characters\Hero\Hero.cpp">
      <Filter>Source Files</Filter>
    </ClCompile>
  </ItemGroup>
  <ItemGroup>
    <ClInclude Include="Source\Objects\Object.h">
      <Filter>Header Files</Filter>
    </ClInclude>
    <ClInclude Include="Source\Objects\Projectile.h">
      <Filter>Header Files</Filter>
    </ClInclude>
    <ClInclude Include="Source\ResourceManager\ResourceHolder.h">
      <Filter>Header Files</Filter>
    </ClInclude>
    <ClInclude Include="Source\ResourceManager\ResourceManager.h">
      <Filter>Header Files</Filter>
    </ClInclude>
    <ClInclude Include="Source\Utility\Animation.h">
      <Filter>Header Files</Filter>
    </ClInclude>
    <ClInclude Include="Source\Utility\ChilliMath.h">
      <Filter>Header Files</Filter>
    </ClInclude>
    <ClInclude Include="Source\Utility\Vec2.h">
      <Filter>Header Files</Filter>
    </ClInclude>
    <ClInclude Include="Source\Utility\Vec3.h">
      <Filter>Header Files</Filter>
    </ClInclude>
    <ClInclude Include="Source\GUI\Button.h">
      <Filter>Header Files</Filter>
    </ClInclude>
    <ClInclude Include="Source\GUI\Panel.h">
      <Filter>Header Files</Filter>
    </ClInclude>
    <ClInclude Include="Source\GUI\StackMenu.h">
      <Filter>Header Files</Filter>
    </ClInclude>
    <ClInclude Include="Source\GUI\Textbox.h">
      <Filter>Header Files</Filter>
    </ClInclude>
    <ClInclude Include="Source\GUI\Widget.h">
      <Filter>Header Files</Filter>
    </ClInclude>
    <ClInclude Include="Source\States\StateBase.h">
      <Filter>Header Files</Filter>
    </ClInclude>
    <ClInclude Include="Source\States\StatePlaying.h">
      <Filter>Header Files</Filter>
    </ClInclude>
    <ClInclude Include="Source\Game.h">
      <Filter>Header Files</Filter>
    </ClInclude>
    <ClInclude Include="Source\GUI\Icon.h">
      <Filter>Header Files</Filter>
    </ClInclude>
    <ClInclude Include="Source\GUI\BattleHUD.h">
      <Filter>Header Files</Filter>
    </ClInclude>
    <ClInclude Include="Source\GUI\Menu.h">
      <Filter>Header Files</Filter>
    </ClInclude>
    <ClInclude Include="Source\Spells\SpellBase.h">
      <Filter>Header Files</Filter>
    </ClInclude>
    <ClInclude Include="Source\Characters\Hero\Hero.h">
      <Filter>Header Files</Filter>
    </ClInclude>
    <ClInclude Include="Source\Spells\Effect.h">
      <Filter>Header Files</Filter>
    </ClInclude>
    <ClInclude Include="Source\Armor\Armor.h">
      <Filter>Header Files</Filter>
    </ClInclude>
    <ClInclude Include="Source\Inventory\Items\Item.h">
      <Filter>Header Files</Filter>
    </ClInclude>
    <ClInclude Include="Source\Inventory\Inventory.h">
      <Filter>Header Files</Filter>
    </ClInclude>
  </ItemGroup>
</Project>